// !$*UTF8*$!
{
	archiveVersion = 1;
	classes = {
	};
	objectVersion = 77;
	objects = {

/* Begin PBXBuildFile section */
		2C9013CF2D7EE72100B22F59 /* Toast in Frameworks */ = {isa = PBXBuildFile; productRef = 2C9013CE2D7EE72100B22F59 /* Toast */; };
		2C92B9AF2D7981A300E7A0CC /* .gitignore in Resources */ = {isa = PBXBuildFile; fileRef = 2C92B9AE2D7981A300E7A0CC /* .gitignore */; };
		2C92BB272D79837900E7A0CC /* RxCocoa in Frameworks */ = {isa = PBXBuildFile; productRef = 2C92BB262D79837900E7A0CC /* RxCocoa */; };
		2C92BB292D79837900E7A0CC /* RxSwift in Frameworks */ = {isa = PBXBuildFile; productRef = 2C92BB282D79837900E7A0CC /* RxSwift */; };
		2C92BB342D7983E400E7A0CC /* SnapKit in Frameworks */ = {isa = PBXBuildFile; productRef = 2C92BB332D7983E400E7A0CC /* SnapKit */; };
		2C92BB372D7983FB00E7A0CC /* Kingfisher in Frameworks */ = {isa = PBXBuildFile; productRef = 2C92BB362D7983FB00E7A0CC /* Kingfisher */; };
		2C92BC0C2D798DAD00E7A0CC /* RealmSwift in Frameworks */ = {isa = PBXBuildFile; productRef = 2C92BC0B2D798DAD00E7A0CC /* RealmSwift */; };
		2C92BC0D2D798E3E00E7A0CC /* RealmSwift in Embed Frameworks */ = {isa = PBXBuildFile; productRef = 2C92BC0B2D798DAD00E7A0CC /* RealmSwift */; settings = {ATTRIBUTES = (CodeSignOnCopy, ); }; };
		2C92BDB72D7AA9C900E7A0CC /* IQKeyboardManagerSwift in Frameworks */ = {isa = PBXBuildFile; productRef = 2C92BDB62D7AA9C900E7A0CC /* IQKeyboardManagerSwift */; };
		2C92C30A2D7DAF2400E7A0CC /* Tabman in Frameworks */ = {isa = PBXBuildFile; productRef = 2C92C3092D7DAF2400E7A0CC /* Tabman */; };
		2C92C37F2D7EBFAE00E7A0CC /* DGChartsDynamic in Frameworks */ = {isa = PBXBuildFile; productRef = 2C92C37E2D7EBFAE00E7A0CC /* DGChartsDynamic */; };
		2C92C3802D7EBFBB00E7A0CC /* DGChartsDynamic in Embed Frameworks */ = {isa = PBXBuildFile; productRef = 2C92C37E2D7EBFAE00E7A0CC /* DGChartsDynamic */; settings = {ATTRIBUTES = (CodeSignOnCopy, ); }; };
/* End PBXBuildFile section */

/* Begin PBXCopyFilesBuildPhase section */
		2C92BC0E2D798E3E00E7A0CC /* Embed Frameworks */ = {
			isa = PBXCopyFilesBuildPhase;
			buildActionMask = 2147483647;
			dstPath = "";
			dstSubfolderSpec = 10;
			files = (
				2C92C3802D7EBFBB00E7A0CC /* DGChartsDynamic in Embed Frameworks */,
				2C92BC0D2D798E3E00E7A0CC /* RealmSwift in Embed Frameworks */,
			);
			name = "Embed Frameworks";
			runOnlyForDeploymentPostprocessing = 0;
		};
/* End PBXCopyFilesBuildPhase section */

/* Begin PBXFileReference section */
		2C92B9962D79818D00E7A0CC /* BitLery.app */ = {isa = PBXFileReference; explicitFileType = wrapper.application; includeInIndex = 0; path = BitLery.app; sourceTree = BUILT_PRODUCTS_DIR; };
		2C92B9AE2D7981A300E7A0CC /* .gitignore */ = {isa = PBXFileReference; lastKnownFileType = text; path = .gitignore; sourceTree = "<group>"; };
/* End PBXFileReference section */

/* Begin PBXFileSystemSynchronizedBuildFileExceptionSet section */
		2C92B9A82D79818F00E7A0CC /* Exceptions for "BitLery" folder in "BitLery" target */ = {
			isa = PBXFileSystemSynchronizedBuildFileExceptionSet;
			membershipExceptions = (
				Info.plist,
			);
			target = 2C92B9952D79818D00E7A0CC /* BitLery */;
		};
/* End PBXFileSystemSynchronizedBuildFileExceptionSet section */

/* Begin PBXFileSystemSynchronizedRootGroup section */
		2C92B9982D79818D00E7A0CC /* BitLery */ = {
			isa = PBXFileSystemSynchronizedRootGroup;
			exceptions = (
				2C92B9A82D79818F00E7A0CC /* Exceptions for "BitLery" folder in "BitLery" target */,
			);
			path = BitLery;
			sourceTree = "<group>";
		};
/* End PBXFileSystemSynchronizedRootGroup section */

/* Begin PBXFrameworksBuildPhase section */
		2C92B9932D79818D00E7A0CC /* Frameworks */ = {
			isa = PBXFrameworksBuildPhase;
			buildActionMask = 2147483647;
			files = (
				2C92BB372D7983FB00E7A0CC /* Kingfisher in Frameworks */,
				2C92BB342D7983E400E7A0CC /* SnapKit in Frameworks */,
				2C92C30A2D7DAF2400E7A0CC /* Tabman in Frameworks */,
				2C9013CF2D7EE72100B22F59 /* Toast in Frameworks */,
				2C92BB292D79837900E7A0CC /* RxSwift in Frameworks */,
				2C92C37F2D7EBFAE00E7A0CC /* DGChartsDynamic in Frameworks */,
				2C92BC0C2D798DAD00E7A0CC /* RealmSwift in Frameworks */,
				2C92BB272D79837900E7A0CC /* RxCocoa in Frameworks */,
				2C92BDB72D7AA9C900E7A0CC /* IQKeyboardManagerSwift in Frameworks */,
			);
			runOnlyForDeploymentPostprocessing = 0;
		};
/* End PBXFrameworksBuildPhase section */

/* Begin PBXGroup section */
		2C92B98D2D79818D00E7A0CC = {
			isa = PBXGroup;
			children = (
				2C92B9AE2D7981A300E7A0CC /* .gitignore */,
				2C92B9982D79818D00E7A0CC /* BitLery */,
				2C92B9972D79818D00E7A0CC /* Products */,
			);
			sourceTree = "<group>";
		};
		2C92B9972D79818D00E7A0CC /* Products */ = {
			isa = PBXGroup;
			children = (
				2C92B9962D79818D00E7A0CC /* BitLery.app */,
			);
			name = Products;
			sourceTree = "<group>";
		};
/* End PBXGroup section */

/* Begin PBXNativeTarget section */
		2C92B9952D79818D00E7A0CC /* BitLery */ = {
			isa = PBXNativeTarget;
			buildConfigurationList = 2C92B9A92D79818F00E7A0CC /* Build configuration list for PBXNativeTarget "BitLery" */;
			buildPhases = (
				2C92B9922D79818D00E7A0CC /* Sources */,
				2C92B9932D79818D00E7A0CC /* Frameworks */,
				2C92B9942D79818D00E7A0CC /* Resources */,
				2C92BC0E2D798E3E00E7A0CC /* Embed Frameworks */,
			);
			buildRules = (
			);
			dependencies = (
			);
			fileSystemSynchronizedGroups = (
				2C92B9982D79818D00E7A0CC /* BitLery */,
			);
			name = BitLery;
			packageProductDependencies = (
				2C92BB262D79837900E7A0CC /* RxCocoa */,
				2C92BB282D79837900E7A0CC /* RxSwift */,
				2C92BB332D7983E400E7A0CC /* SnapKit */,
				2C92BB362D7983FB00E7A0CC /* Kingfisher */,
				2C92BC0B2D798DAD00E7A0CC /* RealmSwift */,
				2C92BDB62D7AA9C900E7A0CC /* IQKeyboardManagerSwift */,
				2C92C3092D7DAF2400E7A0CC /* Tabman */,
				2C92C37E2D7EBFAE00E7A0CC /* DGChartsDynamic */,
				2C9013CE2D7EE72100B22F59 /* Toast */,
			);
			productName = BitLery;
			productReference = 2C92B9962D79818D00E7A0CC /* BitLery.app */;
			productType = "com.apple.product-type.application";
		};
/* End PBXNativeTarget section */

/* Begin PBXProject section */
		2C92B98E2D79818D00E7A0CC /* Project object */ = {
			isa = PBXProject;
			attributes = {
				BuildIndependentTargetsInParallel = 1;
				LastSwiftUpdateCheck = 1620;
				LastUpgradeCheck = 1620;
				TargetAttributes = {
					2C92B9952D79818D00E7A0CC = {
						CreatedOnToolsVersion = 16.2;
					};
				};
			};
			buildConfigurationList = 2C92B9912D79818D00E7A0CC /* Build configuration list for PBXProject "BitLery" */;
			developmentRegion = en;
			hasScannedForEncodings = 0;
			knownRegions = (
				en,
				Base,
			);
			mainGroup = 2C92B98D2D79818D00E7A0CC;
			minimizedProjectReferenceProxies = 1;
			packageReferences = (
				2C92BB252D79837900E7A0CC /* XCRemoteSwiftPackageReference "RxSwift" */,
				2C92BB322D7983E400E7A0CC /* XCRemoteSwiftPackageReference "SnapKit" */,
				2C92BB352D7983FB00E7A0CC /* XCRemoteSwiftPackageReference "Kingfisher" */,
				2C92BC0A2D798DAD00E7A0CC /* XCRemoteSwiftPackageReference "realm-swift" */,
				2C92BDB52D7AA9C900E7A0CC /* XCRemoteSwiftPackageReference "IQKeyboardManager" */,
				2C92C3082D7DAF2400E7A0CC /* XCRemoteSwiftPackageReference "Tabman" */,
				2C92C37D2D7EBFAE00E7A0CC /* XCRemoteSwiftPackageReference "Charts" */,
				2C9013CD2D7EE72100B22F59 /* XCRemoteSwiftPackageReference "Toast-Swift" */,
			);
			preferredProjectObjectVersion = 77;
			productRefGroup = 2C92B9972D79818D00E7A0CC /* Products */;
			projectDirPath = "";
			projectRoot = "";
			targets = (
				2C92B9952D79818D00E7A0CC /* BitLery */,
			);
		};
/* End PBXProject section */

/* Begin PBXResourcesBuildPhase section */
		2C92B9942D79818D00E7A0CC /* Resources */ = {
			isa = PBXResourcesBuildPhase;
			buildActionMask = 2147483647;
			files = (
				2C92B9AF2D7981A300E7A0CC /* .gitignore in Resources */,
			);
			runOnlyForDeploymentPostprocessing = 0;
		};
/* End PBXResourcesBuildPhase section */

/* Begin PBXSourcesBuildPhase section */
		2C92B9922D79818D00E7A0CC /* Sources */ = {
			isa = PBXSourcesBuildPhase;
			buildActionMask = 2147483647;
			files = (
			);
			runOnlyForDeploymentPostprocessing = 0;
		};
/* End PBXSourcesBuildPhase section */

/* Begin XCBuildConfiguration section */
		2C92B9AA2D79818F00E7A0CC /* Debug */ = {
			isa = XCBuildConfiguration;
			buildSettings = {
				ASSETCATALOG_COMPILER_APPICON_NAME = AppIcon;
				ASSETCATALOG_COMPILER_GLOBAL_ACCENT_COLOR_NAME = AccentColor;
				CODE_SIGN_STYLE = Automatic;
				CURRENT_PROJECT_VERSION = 1;
				DEVELOPMENT_TEAM = K3FD3VZL37;
				GENERATE_INFOPLIST_FILE = YES;
				INFOPLIST_FILE = BitLery/Info.plist;
				INFOPLIST_KEY_CFBundleDisplayName = "정인선";
				INFOPLIST_KEY_UIApplicationSupportsIndirectInputEvents = YES;
				INFOPLIST_KEY_UILaunchStoryboardName = LaunchScreen;
				INFOPLIST_KEY_UISupportedInterfaceOrientations = UIInterfaceOrientationPortrait;
				INFOPLIST_KEY_UISupportedInterfaceOrientations_iPad = UIInterfaceOrientationPortrait;
				IPHONEOS_DEPLOYMENT_TARGET = 16;
				LD_RUNPATH_SEARCH_PATHS = (
					"$(inherited)",
					"@executable_path/Frameworks",
				);
				MARKETING_VERSION = 1.0;
				PRODUCT_BUNDLE_IDENTIFIER = com.seon.BitLery;
				PRODUCT_NAME = "$(TARGET_NAME)";
				SUPPORTED_PLATFORMS = "iphoneos iphonesimulator";
				SUPPORTS_MACCATALYST = NO;
				SUPPORTS_MAC_DESIGNED_FOR_IPHONE_IPAD = NO;
				SUPPORTS_XR_DESIGNED_FOR_IPHONE_IPAD = NO;
				SWIFT_EMIT_LOC_STRINGS = YES;
				SWIFT_VERSION = 5.0;
				TARGETED_DEVICE_FAMILY = 1;
			};
			name = Debug;
		};
		2C92B9AB2D79818F00E7A0CC /* Release */ = {
			isa = XCBuildConfiguration;
			buildSettings = {
				ASSETCATALOG_COMPILER_APPICON_NAME = AppIcon;
				ASSETCATALOG_COMPILER_GLOBAL_ACCENT_COLOR_NAME = AccentColor;
				CODE_SIGN_STYLE = Automatic;
				CURRENT_PROJECT_VERSION = 1;
				DEVELOPMENT_TEAM = K3FD3VZL37;
				GENERATE_INFOPLIST_FILE = YES;
				INFOPLIST_FILE = BitLery/Info.plist;
				INFOPLIST_KEY_CFBundleDisplayName = "정인선";
				INFOPLIST_KEY_UIApplicationSupportsIndirectInputEvents = YES;
				INFOPLIST_KEY_UILaunchStoryboardName = LaunchScreen;
				INFOPLIST_KEY_UISupportedInterfaceOrientations = UIInterfaceOrientationPortrait;
				INFOPLIST_KEY_UISupportedInterfaceOrientations_iPad = UIInterfaceOrientationPortrait;
				IPHONEOS_DEPLOYMENT_TARGET = 16;
				LD_RUNPATH_SEARCH_PATHS = (
					"$(inherited)",
					"@executable_path/Frameworks",
				);
				MARKETING_VERSION = 1.0;
				PRODUCT_BUNDLE_IDENTIFIER = com.seon.BitLery;
				PRODUCT_NAME = "$(TARGET_NAME)";
				SUPPORTED_PLATFORMS = "iphoneos iphonesimulator";
				SUPPORTS_MACCATALYST = NO;
				SUPPORTS_MAC_DESIGNED_FOR_IPHONE_IPAD = NO;
				SUPPORTS_XR_DESIGNED_FOR_IPHONE_IPAD = NO;
				SWIFT_EMIT_LOC_STRINGS = YES;
				SWIFT_VERSION = 5.0;
				TARGETED_DEVICE_FAMILY = 1;
			};
			name = Release;
		};
		2C92B9AC2D79818F00E7A0CC /* Debug */ = {
			isa = XCBuildConfiguration;
			buildSettings = {
				ALWAYS_SEARCH_USER_PATHS = NO;
				ASSETCATALOG_COMPILER_GENERATE_SWIFT_ASSET_SYMBOL_EXTENSIONS = YES;
				CLANG_ANALYZER_NONNULL = YES;
				CLANG_ANALYZER_NUMBER_OBJECT_CONVERSION = YES_AGGRESSIVE;
				CLANG_CXX_LANGUAGE_STANDARD = "gnu++20";
				CLANG_ENABLE_MODULES = YES;
				CLANG_ENABLE_OBJC_ARC = YES;
				CLANG_ENABLE_OBJC_WEAK = YES;
				CLANG_WARN_BLOCK_CAPTURE_AUTORELEASING = YES;
				CLANG_WARN_BOOL_CONVERSION = YES;
				CLANG_WARN_COMMA = YES;
				CLANG_WARN_CONSTANT_CONVERSION = YES;
				CLANG_WARN_DEPRECATED_OBJC_IMPLEMENTATIONS = YES;
				CLANG_WARN_DIRECT_OBJC_ISA_USAGE = YES_ERROR;
				CLANG_WARN_DOCUMENTATION_COMMENTS = YES;
				CLANG_WARN_EMPTY_BODY = YES;
				CLANG_WARN_ENUM_CONVERSION = YES;
				CLANG_WARN_INFINITE_RECURSION = YES;
				CLANG_WARN_INT_CONVERSION = YES;
				CLANG_WARN_NON_LITERAL_NULL_CONVERSION = YES;
				CLANG_WARN_OBJC_IMPLICIT_RETAIN_SELF = YES;
				CLANG_WARN_OBJC_LITERAL_CONVERSION = YES;
				CLANG_WARN_OBJC_ROOT_CLASS = YES_ERROR;
				CLANG_WARN_QUOTED_INCLUDE_IN_FRAMEWORK_HEADER = YES;
				CLANG_WARN_RANGE_LOOP_ANALYSIS = YES;
				CLANG_WARN_STRICT_PROTOTYPES = YES;
				CLANG_WARN_SUSPICIOUS_MOVE = YES;
				CLANG_WARN_UNGUARDED_AVAILABILITY = YES_AGGRESSIVE;
				CLANG_WARN_UNREACHABLE_CODE = YES;
				CLANG_WARN__DUPLICATE_METHOD_MATCH = YES;
				COPY_PHASE_STRIP = NO;
				DEBUG_INFORMATION_FORMAT = dwarf;
				ENABLE_STRICT_OBJC_MSGSEND = YES;
				ENABLE_TESTABILITY = YES;
				ENABLE_USER_SCRIPT_SANDBOXING = YES;
				GCC_C_LANGUAGE_STANDARD = gnu17;
				GCC_DYNAMIC_NO_PIC = NO;
				GCC_NO_COMMON_BLOCKS = YES;
				GCC_OPTIMIZATION_LEVEL = 0;
				GCC_PREPROCESSOR_DEFINITIONS = (
					"DEBUG=1",
					"$(inherited)",
				);
				GCC_WARN_64_TO_32_BIT_CONVERSION = YES;
				GCC_WARN_ABOUT_RETURN_TYPE = YES_ERROR;
				GCC_WARN_UNDECLARED_SELECTOR = YES;
				GCC_WARN_UNINITIALIZED_AUTOS = YES_AGGRESSIVE;
				GCC_WARN_UNUSED_FUNCTION = YES;
				GCC_WARN_UNUSED_VARIABLE = YES;
				IPHONEOS_DEPLOYMENT_TARGET = 18.2;
				LOCALIZATION_PREFERS_STRING_CATALOGS = YES;
				MTL_ENABLE_DEBUG_INFO = INCLUDE_SOURCE;
				MTL_FAST_MATH = YES;
				ONLY_ACTIVE_ARCH = YES;
				SDKROOT = iphoneos;
				SWIFT_ACTIVE_COMPILATION_CONDITIONS = "DEBUG $(inherited)";
				SWIFT_OPTIMIZATION_LEVEL = "-Onone";
			};
			name = Debug;
		};
		2C92B9AD2D79818F00E7A0CC /* Release */ = {
			isa = XCBuildConfiguration;
			buildSettings = {
				ALWAYS_SEARCH_USER_PATHS = NO;
				ASSETCATALOG_COMPILER_GENERATE_SWIFT_ASSET_SYMBOL_EXTENSIONS = YES;
				CLANG_ANALYZER_NONNULL = YES;
				CLANG_ANALYZER_NUMBER_OBJECT_CONVERSION = YES_AGGRESSIVE;
				CLANG_CXX_LANGUAGE_STANDARD = "gnu++20";
				CLANG_ENABLE_MODULES = YES;
				CLANG_ENABLE_OBJC_ARC = YES;
				CLANG_ENABLE_OBJC_WEAK = YES;
				CLANG_WARN_BLOCK_CAPTURE_AUTORELEASING = YES;
				CLANG_WARN_BOOL_CONVERSION = YES;
				CLANG_WARN_COMMA = YES;
				CLANG_WARN_CONSTANT_CONVERSION = YES;
				CLANG_WARN_DEPRECATED_OBJC_IMPLEMENTATIONS = YES;
				CLANG_WARN_DIRECT_OBJC_ISA_USAGE = YES_ERROR;
				CLANG_WARN_DOCUMENTATION_COMMENTS = YES;
				CLANG_WARN_EMPTY_BODY = YES;
				CLANG_WARN_ENUM_CONVERSION = YES;
				CLANG_WARN_INFINITE_RECURSION = YES;
				CLANG_WARN_INT_CONVERSION = YES;
				CLANG_WARN_NON_LITERAL_NULL_CONVERSION = YES;
				CLANG_WARN_OBJC_IMPLICIT_RETAIN_SELF = YES;
				CLANG_WARN_OBJC_LITERAL_CONVERSION = YES;
				CLANG_WARN_OBJC_ROOT_CLASS = YES_ERROR;
				CLANG_WARN_QUOTED_INCLUDE_IN_FRAMEWORK_HEADER = YES;
				CLANG_WARN_RANGE_LOOP_ANALYSIS = YES;
				CLANG_WARN_STRICT_PROTOTYPES = YES;
				CLANG_WARN_SUSPICIOUS_MOVE = YES;
				CLANG_WARN_UNGUARDED_AVAILABILITY = YES_AGGRESSIVE;
				CLANG_WARN_UNREACHABLE_CODE = YES;
				CLANG_WARN__DUPLICATE_METHOD_MATCH = YES;
				COPY_PHASE_STRIP = NO;
				DEBUG_INFORMATION_FORMAT = "dwarf-with-dsym";
				ENABLE_NS_ASSERTIONS = NO;
				ENABLE_STRICT_OBJC_MSGSEND = YES;
				ENABLE_USER_SCRIPT_SANDBOXING = YES;
				GCC_C_LANGUAGE_STANDARD = gnu17;
				GCC_NO_COMMON_BLOCKS = YES;
				GCC_WARN_64_TO_32_BIT_CONVERSION = YES;
				GCC_WARN_ABOUT_RETURN_TYPE = YES_ERROR;
				GCC_WARN_UNDECLARED_SELECTOR = YES;
				GCC_WARN_UNINITIALIZED_AUTOS = YES_AGGRESSIVE;
				GCC_WARN_UNUSED_FUNCTION = YES;
				GCC_WARN_UNUSED_VARIABLE = YES;
				IPHONEOS_DEPLOYMENT_TARGET = 18.2;
				LOCALIZATION_PREFERS_STRING_CATALOGS = YES;
				MTL_ENABLE_DEBUG_INFO = NO;
				MTL_FAST_MATH = YES;
				SDKROOT = iphoneos;
				SWIFT_COMPILATION_MODE = wholemodule;
				VALIDATE_PRODUCT = YES;
			};
			name = Release;
		};
/* End XCBuildConfiguration section */

/* Begin XCConfigurationList section */
		2C92B9912D79818D00E7A0CC /* Build configuration list for PBXProject "BitLery" */ = {
			isa = XCConfigurationList;
			buildConfigurations = (
				2C92B9AC2D79818F00E7A0CC /* Debug */,
				2C92B9AD2D79818F00E7A0CC /* Release */,
			);
			defaultConfigurationIsVisible = 0;
			defaultConfigurationName = Release;
		};
		2C92B9A92D79818F00E7A0CC /* Build configuration list for PBXNativeTarget "BitLery" */ = {
			isa = XCConfigurationList;
			buildConfigurations = (
				2C92B9AA2D79818F00E7A0CC /* Debug */,
				2C92B9AB2D79818F00E7A0CC /* Release */,
			);
			defaultConfigurationIsVisible = 0;
			defaultConfigurationName = Release;
		};
/* End XCConfigurationList section */

/* Begin XCRemoteSwiftPackageReference section */
		2C9013CD2D7EE72100B22F59 /* XCRemoteSwiftPackageReference "Toast-Swift" */ = {
			isa = XCRemoteSwiftPackageReference;
			repositoryURL = "https://github.com/scalessec/Toast-Swift.git";
			requirement = {
				kind = upToNextMajorVersion;
				minimumVersion = 5.1.1;
			};
		};
		2C92BB252D79837900E7A0CC /* XCRemoteSwiftPackageReference "RxSwift" */ = {
			isa = XCRemoteSwiftPackageReference;
			repositoryURL = "https://github.com/ReactiveX/RxSwift";
			requirement = {
				kind = upToNextMajorVersion;
				minimumVersion = 6.9.0;
			};
		};
		2C92BB322D7983E400E7A0CC /* XCRemoteSwiftPackageReference "SnapKit" */ = {
			isa = XCRemoteSwiftPackageReference;
			repositoryURL = "https://github.com/SnapKit/SnapKit.git";
			requirement = {
				kind = upToNextMajorVersion;
				minimumVersion = 5.7.1;
			};
		};
		2C92BB352D7983FB00E7A0CC /* XCRemoteSwiftPackageReference "Kingfisher" */ = {
			isa = XCRemoteSwiftPackageReference;
			repositoryURL = "https://github.com/onevcat/Kingfisher.git";
			requirement = {
				kind = upToNextMajorVersion;
				minimumVersion = 8.3.0;
			};
		};
		2C92BC0A2D798DAD00E7A0CC /* XCRemoteSwiftPackageReference "realm-swift" */ = {
			isa = XCRemoteSwiftPackageReference;
			repositoryURL = "https://github.com/realm/realm-swift.git";
			requirement = {
				kind = upToNextMajorVersion;
				minimumVersion = 20.0.1;
			};
		};
		2C92BDB52D7AA9C900E7A0CC /* XCRemoteSwiftPackageReference "IQKeyboardManager" */ = {
			isa = XCRemoteSwiftPackageReference;
			repositoryURL = "https://github.com/hackiftekhar/IQKeyboardManager.git";
			requirement = {
				kind = upToNextMajorVersion;
				minimumVersion = 8.0.0;
			};
		};
		2C92C3082D7DAF2400E7A0CC /* XCRemoteSwiftPackageReference "Tabman" */ = {
			isa = XCRemoteSwiftPackageReference;
			repositoryURL = "https://github.com/uias/Tabman.git";
			requirement = {
				kind = upToNextMajorVersion;
				minimumVersion = 3.2.0;
			};
		};
		2C92C37D2D7EBFAE00E7A0CC /* XCRemoteSwiftPackageReference "Charts" */ = {
			isa = XCRemoteSwiftPackageReference;
			repositoryURL = "https://github.com/ChartsOrg/Charts.git";
			requirement = {
				kind = upToNextMajorVersion;
				minimumVersion = 5.1.0;
			};
		};
/* End XCRemoteSwiftPackageReference section */

/* Begin XCSwiftPackageProductDependency section */
		2C9013CE2D7EE72100B22F59 /* Toast */ = {
			isa = XCSwiftPackageProductDependency;
			package = 2C9013CD2D7EE72100B22F59 /* XCRemoteSwiftPackageReference "Toast-Swift" */;
			productName = Toast;
		};
		2C92BB262D79837900E7A0CC /* RxCocoa */ = {
			isa = XCSwiftPackageProductDependency;
			package = 2C92BB252D79837900E7A0CC /* XCRemoteSwiftPackageReference "RxSwift" */;
			productName = RxCocoa;
		};
		2C92BB282D79837900E7A0CC /* RxSwift */ = {
			isa = XCSwiftPackageProductDependency;
			package = 2C92BB252D79837900E7A0CC /* XCRemoteSwiftPackageReference "RxSwift" */;
			productName = RxSwift;
		};
		2C92BB332D7983E400E7A0CC /* SnapKit */ = {
			isa = XCSwiftPackageProductDependency;
			package = 2C92BB322D7983E400E7A0CC /* XCRemoteSwiftPackageReference "SnapKit" */;
			productName = SnapKit;
		};
		2C92BB362D7983FB00E7A0CC /* Kingfisher */ = {
			isa = XCSwiftPackageProductDependency;
			package = 2C92BB352D7983FB00E7A0CC /* XCRemoteSwiftPackageReference "Kingfisher" */;
			productName = Kingfisher;
		};
		2C92BC0B2D798DAD00E7A0CC /* RealmSwift */ = {
			isa = XCSwiftPackageProductDependency;
			package = 2C92BC0A2D798DAD00E7A0CC /* XCRemoteSwiftPackageReference "realm-swift" */;
			productName = RealmSwift;
		};
		2C92BDB62D7AA9C900E7A0CC /* IQKeyboardManagerSwift */ = {
			isa = XCSwiftPackageProductDependency;
			package = 2C92BDB52D7AA9C900E7A0CC /* XCRemoteSwiftPackageReference "IQKeyboardManager" */;
			productName = IQKeyboardManagerSwift;
		};
		2C92C3092D7DAF2400E7A0CC /* Tabman */ = {
			isa = XCSwiftPackageProductDependency;
			package = 2C92C3082D7DAF2400E7A0CC /* XCRemoteSwiftPackageReference "Tabman" */;
			productName = Tabman;
		};
		2C92C37E2D7EBFAE00E7A0CC /* DGChartsDynamic */ = {
			isa = XCSwiftPackageProductDependency;
			package = 2C92C37D2D7EBFAE00E7A0CC /* XCRemoteSwiftPackageReference "Charts" */;
			productName = DGChartsDynamic;
		};
/* End XCSwiftPackageProductDependency section */
	};
	rootObject = 2C92B98E2D79818D00E7A0CC /* Project object */;
}
